
Microsoft Visual Studio Solution File, Format Version 12.00
# Visual Studio Version 16
VisualStudioVersion = 16.0.29215.179
MinimumVisualStudioVersion = 10.0.40219.1
Project("{8BC9CEB8-8B4A-11D0-8D11-00A0C91BC942}") = "Hello World", "Hello World\Hello World.vcxproj", "{81020E5A-5069-41EF-BB94-966BBF3B7288}"
EndProject
Global
	GlobalSection(SolutionConfigurationPlatforms) = preSolution
		Debug|x64 = Debug|x64
		Debug|x86 = Debug|x86
		Release|x64 = Release|x64
		Release|x86 = Release|x86
	EndGlobalSection
	GlobalSection(ProjectConfigurationPlatforms) = postSolution
		{81020E5A-5069-41EF-BB94-966BBF3B7288}.Debug|x64.ActiveCfg = Debug|x64
		{81020E5A-5069-41EF-BB94-966BBF3B7288}.Debug|x64.Build.0 = Debug|x64
		{81020E5A-5069-41EF-BB94-966BBF3B7288}.Debug|x86.ActiveCfg = Debug|Win32
		{81020E5A-5069-41EF-BB94-966BBF3B7288}.Debug|x86.Build.0 = Debug|Win32
		{81020E5A-5069-41EF-BB94-966BBF3B7288}.Release|x64.ActiveCfg = Release|x64
		{81020E5A-5069-41EF-BB94-966BBF3B7288}.Release|x64.Build.0 = Release|x64
		{81020E5A-5069-41EF-BB94-966BBF3B7288}.Release|x86.ActiveCfg = Release|Win32
		{81020E5A-5069-41EF-BB94-966BBF3B7288}.Release|x86.Build.0 = Release|Win32
	EndGlobalSection
	GlobalSection(SolutionProperties) = preSolution
		HideSolutionNode = FALSE
	EndGlobalSection
	GlobalSection(ExtensibilityGlobals) = postSolution
		SolutionGuid = {B5992C5E-6740-4D1F-A8BC-DE9CA083A949}
	EndGlobalSection
EndGlobal
